github.com/atotto/clipboard v0.1.4 h1:EH0zSVneZPSuFR11BlR9YppQTVDbh5+16AmcJi4g1z4=
github.com/atotto/clipboard v0.1.4/go.mod h1:ZY9tmq7sm5xIbd9bOK4onWV4S6X0u6GY7Vn0Yu86PYI=
github.com/aws/aws-sdk-go-v2 v1.16.6 h1:kzafGZYwkwVgLZ2zEX7P+vTwLli6uIMXF8aGjunN6UI=
github.com/aws/aws-sdk-go-v2 v1.16.6/go.mod h1:6CpKuLXg2w7If3ABZCl/qZ6rEgwtjZTn4eAf4RcEyuw=
github.com/aws/aws-sdk-go-v2 v1.16.7 h1:zfBwXus3u14OszRxGcqCDS4MfMCv10e8SMJ2r8Xm0Ns=
github.com/aws/aws-sdk-go-v2 v1.16.7/go.mod h1:6CpKuLXg2w7If3ABZCl/qZ6rEgwtjZTn4eAf4RcEyuw=
github.com/aws/aws-sdk-go-v2 v1.16.16 h1:M1fj4FE2lB4NzRb9Y0xdWsn2P0+2UHVxwKyOa4YJNjk=
github.com/aws/aws-sdk-go-v2 v1.16.16/go.mod h1:SwiyXi/1zTUZ6KIAmLK5V5ll8SiURNUYOqTerZPaF9k=
github.com/aws/aws-sdk-go-v2/aws/protocol/eventstream v1.4.8 h1:tcFliCWne+zOuUfKNRn8JdFBuWPDuISDH08wD2ULkhk=
github.com/aws/aws-sdk-go-v2/aws/protocol/eventstream v1.4.8/go.mod h1:JTnlBSot91steJeti4ryyu/tLd4Sk84O5W22L7O2EQU=
github.com/aws/aws-sdk-go-v2/config v1.15.12 h1:D4mdf0cOSmZRgJe0DDOd1Qm6tkwHJ7r5i1lz0asa+AA=
github.com/aws/aws-sdk-go-v2/config v1.15.12/go.mod h1:oxRNnH11J580bxDEXyfTqfB3Auo2fxzhV052LD4HnyA=
github.com/aws/aws-sdk-go-v2/config v1.15.14 h1:+BqpqlydTq4c2et9Daury7gE+o67P4lbk7eybiCBNc4=
github.com/aws/aws-sdk-go-v2/config v1.15.14/go.mod h1:CQBv+VVv8rR5z2xE+Chdh5m+rFfsqeY4k0veEZeq6QM=
github.com/aws/aws-sdk-go-v2/config v1.17.8 h1:b9LGqNnOdg9vR4Q43tBTVWk4J6F+W774MSchvKJsqnE=
github.com/aws/aws-sdk-go-v2/config v1.17.8/go.mod h1:UkCI3kb0sCdvtjiXYiU4Zx5h07BOpgBTtkPu/49r+kA=
github.com/aws/aws-sdk-go-v2/credentials v1.12.7 h1:e2DcCR0gP+T2zVj5eQPMQoRdxo+vd2p9BkpJ72BdyzA=
github.com/aws/aws-sdk-go-v2/credentials v1.12.7/go.mod h1:8b1nSHdDaKLho9VEK+K8WivifA/2K5pPm4sfI21NlQ8=
github.com/aws/aws-sdk-go-v2/credentials v1.12.9 h1:DloAJr0/jbvm0iVRFDFh8GlWxrOd9XKyX82U+dfVeZs=
github.com/aws/aws-sdk-go-v2/credentials v1.12.9/go.mod h1:2Vavxl1qqQXJ8MUcQZTsIEW8cwenFCWYXtLRPba3L/o=
github.com/aws/aws-sdk-go-v2/credentials v1.12.21 h1:4tjlyCD0hRGNQivh5dN8hbP30qQhMLBE/FgQR1vHHWM=
github.com/aws/aws-sdk-go-v2/credentials v1.12.21/go.mod h1:O+4XyAt4e+oBAoIwNUYkRg3CVMscaIJdmZBOcPgJ8D8=
github.com/aws/aws-sdk-go-v2/feature/ec2/imds v1.12.7 h1:8yi2ORCwXpXEPnj0vP3DjYhejwDQD/5klgBoxXcKOxY=
github.com/aws/aws-sdk-go-v2/feature/ec2/imds v1.12.7/go.mod h1:81k6q0UUZj6AdQZ1E/VQ27cLrTUpJGraZR6/hVHRxjE=
github.com/aws/aws-sdk-go-v2/feature/ec2/imds v1.12.8 h1:VfBdn2AxwMbFyJN/lF/xuT3SakomJ86PZu3rCxb5K0s=
github.com/aws/aws-sdk-go-v2/feature/ec2/imds v1.12.8/go.mod h1:oL1Q3KuCq1D4NykQnIvtRiBGLUXhcpY5pl6QZB2XEPU=
github.com/aws/aws-sdk-go-v2/feature/ec2/imds v1.12.17 h1:r08j4sbZu/RVi+BNxkBJwPMUYY3P8mgSDuKkZ/ZN1lE=
github.com/aws/aws-sdk-go-v2/feature/ec2/imds v1.12.17/go.mod h1:yIkQcCDYNsZfXpd5UX2Cy+sWA1jPgIhGTw9cOBzfVnQ=
github.com/aws/aws-sdk-go-v2/feature/s3/manager v1.11.34 h1:1PNtaCM+2ruo1dfYL2RweUdtbuPvinjAejjNcPa/RQY=
github.com/aws/aws-sdk-go-v2/feature/s3/manager v1.11.34/go.mod h1:+Six+CXNHYllXam32j+YW8ixk82+am345ei89kEz8p4=
github.com/aws/aws-sdk-go-v2/internal/configsources v1.1.13 h1:WuQ1yGs3TMJgxpGVLspcsU/5q1omSA0SG6Cu0yZ4jkM=
github.com/aws/aws-sdk-go-v2/internal/configsources v1.1.13/go.mod h1:wLLesU+LdMZDM3U0PP9vZXJW39zmD/7L4nY2pSrYZ/g=
github.com/aws/aws-sdk-go-v2/internal/configsources v1.1.14 h1:2C0pYHcUBmdzPj+EKNC4qj97oK6yjrUhc1KoSodglvk=
github.com/aws/aws-sdk-go-v2/internal/configsources v1.1.14/go.mod h1:kdjrMwHwrC3+FsKhNcCMJ7tUVj/8uSD5CZXeQ4wV6fM=
github.com/aws/aws-sdk-go-v2/internal/configsources v1.1.23 h1:s4g/wnzMf+qepSNgTvaQQHNxyMLKSawNhKCPNy++2xY=
github.com/aws/aws-sdk-go-v2/internal/configsources v1.1.23/go.mod h1:2DFxAQ9pfIRy0imBCJv+vZ2X6RKxves6fbnEuSry6b4=
github.com/aws/aws-sdk-go-v2/internal/endpoints/v2 v2.4.7 h1:mCeDDYeDXp3loo/xKi7nkx34eeh7q3n1mUBtzptsj8c=
github.com/aws/aws-sdk-go-v2/internal/endpoints/v2 v2.4.7/go.mod h1:93Uot80ddyVzSl//xEJreNKMhxntr71WtR3v/A1cRYk=
github.com/aws/aws-sdk-go-v2/internal/endpoints/v2 v2.4.8 h1:2J+jdlBJWEmTyAwC82Ym68xCykIvnSnIN18b8xHGlcc=
github.com/aws/aws-sdk-go-v2/internal/endpoints/v2 v2.4.8/go.mod h1:ZIV8GYoC6WLBW5KGs+o4rsc65/ozd+eQ0L31XF5VDwk=
github.com/aws/aws-sdk-go-v2/internal/endpoints/v2 v2.4.17 h1:/K482T5A3623WJgWT8w1yRAFK4RzGzEl7y39yhtn9eA=
github.com/aws/aws-sdk-go-v2/internal/endpoints/v2 v2.4.17/go.mod h1:pRwaTYCJemADaqCbUAxltMoHKata7hmB5PjEXeu0kfg=
github.com/aws/aws-sdk-go-v2/internal/ini v1.3.14 h1:bJv4Y9QOiW0GZPStgLgpGrpdfRDSR3XM4V4M3YCQRZo=
github.com/aws/aws-sdk-go-v2/internal/ini v1.3.14/go.mod h1:R1HF8ZDdcRFfAGF+13En4LSHi2IrrNuPQCaxgWCeGyY=
github.com/aws/aws-sdk-go-v2/internal/ini v1.3.15 h1:QquxR7NH3ULBsKC+NoTpilzbKKS+5AELfNREInbhvas=
github.com/aws/aws-sdk-go-v2/internal/ini v1.3.15/go.mod h1:Tkrthp/0sNBShQQsamR7j/zY4p19tVTAs+nnqhH6R3c=
github.com/aws/aws-sdk-go-v2/internal/ini v1.3.24 h1:wj5Rwc05hvUSvKuOF29IYb9QrCLjU+rHAy/x/o0DK2c=
github.com/aws/aws-sdk-go-v2/internal/ini v1.3.24/go.mod h1:jULHjqqjDlbyTa7pfM7WICATnOv+iOhjletM3N0Xbu8=
github.com/aws/aws-sdk-go-v2/internal/v4a v1.0.14 h1:ZSIPAkAsCCjYrhqfw2+lNzWDzxzHXEckFkTePL5RSWQ=
github.com/aws/aws-sdk-go-v2/internal/v4a v1.0.14/go.mod h1:AyGgqiKv9ECM6IZeNQtdT8NnMvUb3/2wokeq2Fgryto=
github.com/aws/aws-sdk-go-v2/service/glue v1.27.0 h1:jqtE33g0XbtfFi/1DkEEjcqL0qGF7FkZ/TDvjfPZ2T4=
github.com/aws/aws-sdk-go-v2/service/glue v1.27.0/go.mod h1:iSLwO00qCUuLMj3c6GSEjchxRhFz/nCA+ioazkMvHdM=
github.com/aws/aws-sdk-go-v2/service/glue v1.28.1 h1:rG+jzafWyw73tdv+48e4jZYyehihEORcEcqzyBbZUGA=
github.com/aws/aws-sdk-go-v2/service/glue v1.28.1/go.mod h1:JpqCaI8ytHaConkpUXxhWibisAti9SA3KvYR5GLxHXk=
github.com/aws/aws-sdk-go-v2/service/internal/accept-encoding v1.9.9 h1:Lh1AShsuIJTwMkoxVCAYPJgNG5H+eN6SmoUn8nOZ5wE=
github.com/aws/aws-sdk-go-v2/service/internal/accept-encoding v1.9.9/go.mod h1:a9j48l6yL5XINLHLcOKInjdvknN+vWqPBxqeIDw7ktw=
github.com/aws/aws-sdk-go-v2/service/internal/checksum v1.1.18 h1:BBYoNQt2kUZUUK4bIPsKrCcjVPUMNsgQpNAwhznK/zo=
github.com/aws/aws-sdk-go-v2/service/internal/checksum v1.1.18/go.mod h1:NS55eQ4YixUJPTC+INxi2/jCqe1y2Uw3rnh9wEOVJxY=
github.com/aws/aws-sdk-go-v2/service/internal/presigned-url v1.9.7 h1:M7/BzQNsu0XXiJRe3gUn8UA8tExF6kLMAfvo5PT/KJY=
github.com/aws/aws-sdk-go-v2/service/internal/presigned-url v1.9.7/go.mod h1:HvVdEh/x4jsPBsjNvDy+MH3CDCPy4gTZEzFe2r4uJY8=
github.com/aws/aws-sdk-go-v2/service/internal/presigned-url v1.9.8 h1:oKnAXxSF2FUvfgw8uzU/v9OTYorJJZ8eBmWhr9TWVVQ=
github.com/aws/aws-sdk-go-v2/service/internal/presigned-url v1.9.8/go.mod h1:rDVhIMAX9N2r8nWxDUlbubvvaFMnfsm+3jAV7q+rpM4=
github.com/aws/aws-sdk-go-v2/service/internal/presigned-url v1.9.17 h1:Jrd/oMh0PKQc6+BowB+pLEwLIgaQF29eYbe7E1Av9Ug=
github.com/aws/aws-sdk-go-v2/service/internal/presigned-url v1.9.17/go.mod h1:4nYOrY41Lrbk2170/BGkcJKBhws9Pfn8MG3aGqjjeFI=
github.com/aws/aws-sdk-go-v2/service/internal/s3shared v1.13.17 h1:HfVVR1vItaG6le+Bpw6P4midjBDMKnjMyZnw9MXYUcE=
github.com/aws/aws-sdk-go-v2/service/internal/s3shared v1.13.17/go.mod h1:YqMdV+gEKCQ59NrB7rzrJdALeBIsYiVi8Inj3+KcqHI=
github.com/aws/aws-sdk-go-v2/service/lakeformation v1.16.7 h1:yhHniwmguwDZ/MRRS/U9NUK9ySJNtMflkQyXd5jzd/o=
github.com/aws/aws-sdk-go-v2/service/lakeformation v1.16.7/go.mod h1:DQ/evNVAnkn86b4s5yK1zgK7Qt6Ekp4vAw+5/vrOyBU=
github.com/aws/aws-sdk-go-v2/service/lakeformation v1.16.8 h1:49kQvOdoFJdf0K+Kd997ielyZlKJk774kA9WDvohrFg=
github.com/aws/aws-sdk-go-v2/service/lakeformation v1.16.8/go.mod h1:bFDcXzVd9VBmcabXdTJVuDHyWtdbN2KbFcjOtU8iQbI=
github.com/aws/aws-sdk-go-v2/service/s3 v1.27.11 h1:3/gm/JTX9bX8CpzTgIlrtYpB3EVBDxyg/GY/QdcIEZw=
github.com/aws/aws-sdk-go-v2/service/s3 v1.27.11/go.mod h1:fmgDANqTUCxciViKl9hb/zD5LFbvPINFRgWhDbR+vZo=
github.com/aws/aws-sdk-go-v2/service/sso v1.11.10 h1:icon5WWg9Yg5nkB0pJF6bfKw6M0xozukeGKSNKtnqzw=
github.com/aws/aws-sdk-go-v2/service/sso v1.11.10/go.mod h1:UHxA35uPrCykRySBV5iSPZhZRlYnWSS2c/aaZVsoU94=
github.com/aws/aws-sdk-go-v2/service/sso v1.11.12 h1:760bUnTX/+d693FT6T6Oa7PZHfEQT9XMFZeM5IQIB0A=
github.com/aws/aws-sdk-go-v2/service/sso v1.11.12/go.mod h1:MO4qguFjs3wPGcCSpQ7kOFTwRvb+eu+fn+1vKleGHUk=
github.com/aws/aws-sdk-go-v2/service/sso v1.11.23 h1:pwvCchFUEnlceKIgPUouBJwK81aCkQ8UDMORfeFtW10=
github.com/aws/aws-sdk-go-v2/service/sso v1.11.23/go.mod h1:/w0eg9IhFGjGyyncHIQrXtU8wvNsTJOP0R6PPj0wf80=
github.com/aws/aws-sdk-go-v2/service/ssooidc v1.13.6 h1:OwhhKc1P9ElfWbMKPIbMMZBV6hzJlL2JKD76wNNVzgQ=
github.com/aws/aws-sdk-go-v2/service/ssooidc v1.13.6/go.mod h1:csZuQY65DAdFBt1oIjO5hhBR49kQqop4+lcuCjf2arA=
github.com/aws/aws-sdk-go-v2/service/sts v1.16.8 h1:GLGfpqX+1bmjNvUJkwB1ZaDpNFXQwJ3z9RkQDA58OBY=
github.com/aws/aws-sdk-go-v2/service/sts v1.16.8/go.mod h1:50YdFq1WIuxA0AGrygvYGucnNYrG24WYzu5fNp7lMgY=
github.com/aws/aws-sdk-go-v2/service/sts v1.16.9 h1:yOfILxyjmtr2ubRkRJldlHDFBhf5vw4CzhbwWIBmimQ=
github.com/aws/aws-sdk-go-v2/service/sts v1.16.9/go.mod h1:O1IvkYxr+39hRf960Us6j0x1P8pDqhTX+oXM5kQNl/Y=
github.com/aws/aws-sdk-go-v2/service/sts v1.16.19 h1:9pPi0PsFNAGILFfPCk8Y0iyEBGc6lu6OQ97U7hmdesg=
github.com/aws/aws-sdk-go-v2/service/sts v1.16.19/go.mod h1:h4J3oPZQbxLhzGnk+j9dfYHi5qIOVJ5kczZd658/ydM=
github.com/aws/smithy-go v1.12.0 h1:gXpeZel/jPoWQ7OEmLIgCUnhkFftqNfwWUwAHSlp1v0=
github.com/aws/smithy-go v1.12.0/go.mod h1:Tg+OJXh4MB2R/uN61Ko2f6hTZwB/ZYGOtib8J3gBHzA=
github.com/aws/smithy-go v1.13.3 h1:l7LYxGuzK6/K+NzJ2mC+VvLUbae0sL3bXU//04MkmnA=
github.com/aws/smithy-go v1.13.3/go.mod h1:Tg+OJXh4MB2R/uN61Ko2f6hTZwB/ZYGOtib8J3gBHzA=
github.com/charmbracelet/bubbles v0.12.0 h1:fxb9U9yI60Hek3tcPmMTFya5NhvPrqpkpyMaNngFh7A=
github.com/charmbracelet/bubbles v0.12.0/go.mod h1:bbeTiXwPww4M031aGi8UK2HT9RDWoiNibae+1yCMtcc=
github.com/charmbracelet/bubbles v0.13.0 h1:zP/ROH3wJEBqZWKIsD50ZKKlx3ydLInq3LdD/Nrlb8w=
github.com/charmbracelet/bubbles v0.13.0/go.mod h1:bbeTiXwPww4M031aGi8UK2HT9RDWoiNibae+1yCMtcc=
github.com/charmbracelet/bubbletea v0.21.0/go.mod h1:GgmJMec61d08zXsOhqRC/AiOx4K4pmz+VIcRIm1FKr4=
github.com/charmbracelet/bubbletea v0.22.0 h1:E1BTNSE3iIrq0G0X6TjGAmrQ32cGCbFDPcIuImikrUc=
github.com/charmbracelet/bubbletea v0.22.0/go.mod h1:aoVIwlNlr5wbCB26KhxfrqAn0bMp4YpJcoOelbxApjs=
github.com/charmbracelet/harmonica v0.2.0/go.mod h1:KSri/1RMQOZLbw7AHqgcBycp8pgJnQMYYT8QZRqZ1Ao=
github.com/charmbracelet/lipgloss v0.5.0 h1:lulQHuVeodSgDez+3rGiuxlPVXSnhth442DATR2/8t8=
github.com/charmbracelet/lipgloss v0.5.0/go.mod h1:EZLha/HbzEt7cYqdFPovlqy5FZPj0xFhg5SaqxScmgs=
github.com/containerd/console v1.0.3 h1:lIr7SlA5PxZyMV30bDW0MGbiOPXwc63yRuCP0ARubLw=
github.com/containerd/console v1.0.3/go.mod h1:7LqA/THxQ86k76b8c/EMSiaJ3h1eZkMkXar0TQ1gf3U=
github.com/davecgh/go-spew v1.1.0/go.mod h1:J7Y8YcW2NihsgmVo/mv3lAwl/skON4iLHjSsI+c5H38=
github.com/google/go-cmp v0.5.8 h1:e6P7q2lk1O+qJJb4BtCQXlK8vWEO8V1ZeuEdJNOqZyg=
github.com/google/go-cmp v0.5.8/go.mod h1:17dUlkBOakJ0+DkrSSNjCkIjxS6bF9zb3elmeNGIjoY=
github.com/jmespath/go-jmespath v0.4.0 h1:BEgLn5cpjn8UN1mAw4NjwDrS35OdebyEtFe+9YPoQUg=
github.com/jmespath/go-jmespath v0.4.0/go.mod h1:T8mJZnbsbmF+m6zOOFylbeCJqk5+pHWvzYPziyZiYoo=
github.com/jmespath/go-jmespath/internal/testify v1.5.1/go.mod h1:L3OGu8Wl2/fWfCI6z80xFu9LTZmf1ZRjMHUOPmWr69U=
github.com/kylelemons/godebug v1.1.0/go.mod h1:9/0rRGxNHcop5bhtWyNeEfOS8JIWk580+fNqagV/RAw=
github.com/lucasb-eyer/go-colorful v1.2.0 h1:1nnpGOrhyZZuNyfu1QjKiUICQ74+3FNCN69Aj6K7nkY=
github.com/lucasb-eyer/go-colorful v1.2.0/go.mod h1:R4dSotOR9KMtayYi1e77YzuveK+i7ruzyGqttikkLy0=
github.com/mattn/go-isatty v0.0.14 h1:yVuAays6BHfxijgZPzw+3Zlu5yQgKGP2/hcQbHb7S9Y=
github.com/mattn/go-isatty v0.0.14/go.mod h1:7GGIvUiUoEMVVmxf/4nioHXj79iQHKdU27kJ6hsGG94=
github.com/mattn/go-runewidth v0.0.10/go.mod h1:RAqKPSqVFrSLVXbA8x7dzmKdmGzieGRCM46jaSJTDAk=
github.com/mattn/go-runewidth v0.0.12/go.mod h1:RAqKPSqVFrSLVXbA8x7dzmKdmGzieGRCM46jaSJTDAk=
github.com/mattn/go-runewidth v0.0.13 h1:lTGmDsbAYt5DmK6OnoV7EuIF1wEIFAcxld6ypU4OSgU=
github.com/mattn/go-runewidth v0.0.13/go.mod h1:Jdepj2loyihRzMpdS35Xk/zdY8IAYHsh153qUoGf23w=
github.com/muesli/ansi v0.0.0-20211018074035-2e021307bc4b h1:1XF24mVaiu7u+CFywTdcDo2ie1pzzhwjt6RHqzpMU34=
github.com/muesli/ansi v0.0.0-20211018074035-2e021307bc4b/go.mod h1:fQuZ0gauxyBcmsdE3ZT4NasjaRdxmbCS0jRHsrWu3Ho=
github.com/muesli/ansi v0.0.0-20211031195517-c9f0611b6c70 h1:kMlmsLSbjkikxQJ1IPwaM+7LJ9ltFu/fi8CRzvSnQmA=
github.com/muesli/ansi v0.0.0-20211031195517-c9f0611b6c70/go.mod h1:fQuZ0gauxyBcmsdE3ZT4NasjaRdxmbCS0jRHsrWu3Ho=
github.com/muesli/cancelreader v0.2.0/go.mod h1:3XuTXfFS2VjM+HTLZY9Ak0l6eUKfijIfMUZ4EgX0QYo=
github.com/muesli/cancelreader v0.2.1 h1:Xzd1B4U5bWQOuSKuN398MyynIGTNT89dxzpEDsalXZs=
github.com/muesli/cancelreader v0.2.1/go.mod h1:3XuTXfFS2VjM+HTLZY9Ak0l6eUKfijIfMUZ4EgX0QYo=
github.com/muesli/cancelreader v0.2.2 h1:3I4Kt4BQjOR54NavqnDogx/MIoWBFa0StPA8ELUXHmA=
github.com/muesli/cancelreader v0.2.2/go.mod h1:3XuTXfFS2VjM+HTLZY9Ak0l6eUKfijIfMUZ4EgX0QYo=
github.com/muesli/reflow v0.2.1-0.20210115123740-9e1d0d53df68/go.mod h1:Xk+z4oIWdQqJzsxyjgl3P22oYZnHdZ8FFTHAQQt5BMQ=
github.com/muesli/reflow v0.3.0 h1:IFsN6K9NfGtjeggFP+68I4chLZV2yIKsXJFNZ+eWh6s=
github.com/muesli/reflow v0.3.0/go.mod h1:pbwTDkVPibjO2kyvBQRBxTWEEGDGq0FlB1BIKtnHY/8=
github.com/muesli/termenv v0.11.1-0.20220204035834-5ac8409525e0/go.mod h1:Bd5NYQ7pd+SrtBSrSNoBBmXlcY8+Xj4BMJgh8qcZrvs=
github.com/muesli/termenv v0.11.1-0.20220212125758-44cd13922739 h1:QANkGiGr39l1EESqrE0gZw0/AJNYzIvoGLhIoVYtluI=
github.com/muesli/termenv v0.11.1-0.20220212125758-44cd13922739/go.mod h1:Bd5NYQ7pd+SrtBSrSNoBBmXlcY8+Xj4BMJgh8qcZrvs=
github.com/muesli/termenv v0.12.0 h1:KuQRUE3PgxRFWhq4gHvZtPSLCGDqM5q/cYr1pZ39ytc=
github.com/muesli/termenv v0.12.0/go.mod h1:WCCv32tusQ/EEZ5S8oUIIrC/nIuBcxCVqlN4Xfkv+7A=
github.com/pmezard/go-difflib v1.0.0/go.mod h1:iKH77koFhYxTK1pcRnkKkqfTogsbg7gZNVY4sRDYZ/4=
github.com/rivo/uniseg v0.1.0/go.mod h1:J6wj4VEh+S6ZtnVlnTBMWIodfgj8LQOQFoIToxlJtxc=
github.com/rivo/uniseg v0.2.0 h1:S1pD9weZBuJdFmowNwbpi7BJ8TNftyUImj/0WQi72jY=
github.com/rivo/uniseg v0.2.0/go.mod h1:J6wj4VEh+S6ZtnVlnTBMWIodfgj8LQOQFoIToxlJtxc=
github.com/sahilm/fuzzy v0.1.0/go.mod h1:VFvziUEIMCrT6A6tw2RFIXPXXmzXbOsSHF0DOI8ZK9Y=
github.com/stretchr/objx v0.1.0/go.mod h1:HFkY916IF+rwdDfMAkV7OtwuqBVzrE8GR6GFx+wExME=
golang.org/x/exp v0.0.0-20220613132600-b0d781184e0d h1:vtUKgx8dahOomfFzLREU8nSv25YHnTgLBn4rDnWZdU0=
golang.org/x/exp v0.0.0-20220613132600-b0d781184e0d/go.mod h1:Kr81I6Kryrl9sr8s2FK3vxD90NdsKWRuOIl2O4CvYbA=
golang.org/x/sys v0.0.0-20210124154548-22da62e12c0c/go.mod h1:h1NjWce9XRLGQEsW7wpKNCjG9DtNlClVuFLEZdDNbEs=
golang.org/x/sys v0.0.0-20210615035016-665e8c7367d1/go.mod h1:oPkhp1MJrh7nUepCBck5+mAzfO9JrbApNNgaTdGDITg=
golang.org/x/sys v0.0.0-20210630005230-0f9fa26af87c/go.mod h1:oPkhp1MJrh7nUepCBck5+mAzfO9JrbApNNgaTdGDITg=
golang.org/x/sys v0.0.0-20220204135822-1c1b9b1eba6a/go.mod h1:oPkhp1MJrh7nUepCBck5+mAzfO9JrbApNNgaTdGDITg=
golang.org/x/sys v0.0.0-20220209214540-3681064d5158 h1:rm+CHSpPEEW2IsXUib1ThaHIjuBVZjxNgSKmBLFfD4c=
golang.org/x/sys v0.0.0-20220209214540-3681064d5158/go.mod h1:oPkhp1MJrh7nUepCBck5+mAzfO9JrbApNNgaTdGDITg=
golang.org/x/sys v0.0.0-20220722155257-8c9f86f7a55f h1:v4INt8xihDGvnrfjMDVXGxw9wrfxYyCjk0KbXjhR55s=
golang.org/x/sys v0.0.0-20220722155257-8c9f86f7a55f/go.mod h1:oPkhp1MJrh7nUepCBck5+mAzfO9JrbApNNgaTdGDITg=
golang.org/x/term v0.0.0-20210927222741-03fcf44c2211 h1:JGgROgKl9N8DuW20oFS5gxc+lE67/N3FcwmBPMe7ArY=
golang.org/x/term v0.0.0-20210927222741-03fcf44c2211/go.mod h1:jbD1KX2456YbFQfuXm/mYQcufACuNUgVhRMnK/tPxf8=
golang.org/x/term v0.0.0-20220722155259-a9ba230a4035 h1:Q5284mrmYTpACcm+eAKjKJH48BBwSyfJqmmGDTtT8Vc=
golang.org/x/term v0.0.0-20220722155259-a9ba230a4035/go.mod h1:jbD1KX2456YbFQfuXm/mYQcufACuNUgVhRMnK/tPxf8=
gopkg.in/check.v1 v0.0.0-20161208181325-20d25e280405/go.mod h1:Co6ibVJAznAaIkqp8huTwlJQCZ016jof/cbN4VW5Yz0=
gopkg.in/yaml.v2 v2.2.8/go.mod h1:hI93XBmqTisBFMUTm0b8Fm+jr3Dg1NNxqwp+5A1VGuI=
